// !$*UTF8*$!
{
	archiveVersion = 1;
	classes = {
	};
	objectVersion = 46;
	objects = {

/* Begin PBXBuildFile section */
		547567801E6F974200E1BD64 /* AppDelegate.swift in Sources */ = {isa = PBXBuildFile; fileRef = 5475677F1E6F974200E1BD64 /* AppDelegate.swift */; };
		547567871E6F974200E1BD64 /* Main.storyboard in Resources */ = {isa = PBXBuildFile; fileRef = 547567851E6F974200E1BD64 /* Main.storyboard */; };
		547567891E6F974200E1BD64 /* Assets.xcassets in Resources */ = {isa = PBXBuildFile; fileRef = 547567881E6F974200E1BD64 /* Assets.xcassets */; };
		5475678C1E6F974200E1BD64 /* LaunchScreen.storyboard in Resources */ = {isa = PBXBuildFile; fileRef = 5475678A1E6F974200E1BD64 /* LaunchScreen.storyboard */; };
		547567941E6FAE9100E1BD64 /* RecordingsTableViewController.swift in Sources */ = {isa = PBXBuildFile; fileRef = 547567931E6FAE9100E1BD64 /* RecordingsTableViewController.swift */; };
		547567961E6FAEF700E1BD64 /* Recordings.swift in Sources */ = {isa = PBXBuildFile; fileRef = 547567951E6FAEF700E1BD64 /* Recordings.swift */; };
		547567981E6FB93E00E1BD64 /* RecordingsController.swift in Sources */ = {isa = PBXBuildFile; fileRef = 547567971E6FB93E00E1BD64 /* RecordingsController.swift */; };
/* End PBXBuildFile section */

/* Begin PBXFileReference section */
		5475677C1E6F974200E1BD64 /* SongRight.app */ = {isa = PBXFileReference; explicitFileType = wrapper.application; includeInIndex = 0; path = SongRight.app; sourceTree = BUILT_PRODUCTS_DIR; };
		5475677F1E6F974200E1BD64 /* AppDelegate.swift */ = {isa = PBXFileReference; lastKnownFileType = sourcecode.swift; path = AppDelegate.swift; sourceTree = "<group>"; };
		547567861E6F974200E1BD64 /* Base */ = {isa = PBXFileReference; lastKnownFileType = file.storyboard; name = Base; path = Base.lproj/Main.storyboard; sourceTree = "<group>"; };
		547567881E6F974200E1BD64 /* Assets.xcassets */ = {isa = PBXFileReference; lastKnownFileType = folder.assetcatalog; path = Assets.xcassets; sourceTree = "<group>"; };
		5475678B1E6F974200E1BD64 /* Base */ = {isa = PBXFileReference; lastKnownFileType = file.storyboard; name = Base; path = Base.lproj/LaunchScreen.storyboard; sourceTree = "<group>"; };
		5475678D1E6F974200E1BD64 /* Info.plist */ = {isa = PBXFileReference; lastKnownFileType = text.plist.xml; path = Info.plist; sourceTree = "<group>"; };
		547567931E6FAE9100E1BD64 /* RecordingsTableViewController.swift */ = {isa = PBXFileReference; fileEncoding = 4; lastKnownFileType = sourcecode.swift; path = RecordingsTableViewController.swift; sourceTree = "<group>"; };
		547567951E6FAEF700E1BD64 /* Recordings.swift */ = {isa = PBXFileReference; fileEncoding = 4; lastKnownFileType = sourcecode.swift; path = Recordings.swift; sourceTree = "<group>"; };
		547567971E6FB93E00E1BD64 /* RecordingsController.swift */ = {isa = PBXFileReference; fileEncoding = 4; lastKnownFileType = sourcecode.swift; path = RecordingsController.swift; sourceTree = "<group>"; };
/* End PBXFileReference section */

/* Begin PBXFrameworksBuildPhase section */
		547567791E6F974200E1BD64 /* Frameworks */ = {
			isa = PBXFrameworksBuildPhase;
			buildActionMask = 2147483647;
			files = (
			);
			runOnlyForDeploymentPostprocessing = 0;
		};
/* End PBXFrameworksBuildPhase section */

/* Begin PBXGroup section */
		547567731E6F974200E1BD64 = {
			isa = PBXGroup;
			children = (
				5475677E1E6F974200E1BD64 /* SongRight */,
				5475677D1E6F974200E1BD64 /* Products */,
			);
			sourceTree = "<group>";
		};
		5475677D1E6F974200E1BD64 /* Products */ = {
			isa = PBXGroup;
			children = (
				5475677C1E6F974200E1BD64 /* SongRight.app */,
			);
			name = Products;
			sourceTree = "<group>";
		};
		5475677E1E6F974200E1BD64 /* SongRight */ = {
			isa = PBXGroup;
			children = (
				5475677F1E6F974200E1BD64 /* AppDelegate.swift */,
				547567951E6FAEF700E1BD64 /* Recordings.swift */,
				547567971E6FB93E00E1BD64 /* RecordingsController.swift */,
				547567931E6FAE9100E1BD64 /* RecordingsTableViewController.swift */,
				547567851E6F974200E1BD64 /* Main.storyboard */,
				547567881E6F974200E1BD64 /* Assets.xcassets */,
				5475678A1E6F974200E1BD64 /* LaunchScreen.storyboard */,
				5475678D1E6F974200E1BD64 /* Info.plist */,
			);
			path = SongRight;
			sourceTree = "<group>";
		};
/* End PBXGroup section */

/* Begin PBXNativeTarget section */
		5475677B1E6F974200E1BD64 /* SongRight */ = {
			isa = PBXNativeTarget;
			buildConfigurationList = 547567901E6F974200E1BD64 /* Build configuration list for PBXNativeTarget "SongRight" */;
			buildPhases = (
				547567781E6F974200E1BD64 /* Sources */,
				547567791E6F974200E1BD64 /* Frameworks */,
				5475677A1E6F974200E1BD64 /* Resources */,
			);
			buildRules = (
			);
			dependencies = (
			);
			name = SongRight;
			productName = SongRight;
			productReference = 5475677C1E6F974200E1BD64 /* SongRight.app */;
			productType = "com.apple.product-type.application";
		};
/* End PBXNativeTarget section */

/* Begin PBXProject section */
		547567741E6F974200E1BD64 /* Project object */ = {
			isa = PBXProject;
			attributes = {
				LastSwiftUpdateCheck = 0820;
				LastUpgradeCheck = 0820;
				ORGANIZATIONNAME = "Andrew Drechsel";
				TargetAttributes = {
					5475677B1E6F974200E1BD64 = {
						CreatedOnToolsVersion = 8.2.1;
						DevelopmentTeam = Q7ZY7HDZF4;
						ProvisioningStyle = Automatic;
					};
				};
			};
			buildConfigurationList = 547567771E6F974200E1BD64 /* Build configuration list for PBXProject "SongRight" */;
			compatibilityVersion = "Xcode 3.2";
			developmentRegion = English;
			hasScannedForEncodings = 0;
			knownRegions = (
				en,
				Base,
			);
			mainGroup = 547567731E6F974200E1BD64;
			productRefGroup = 5475677D1E6F974200E1BD64 /* Products */;
			projectDirPath = "";
			projectRoot = "";
			targets = (
				5475677B1E6F974200E1BD64 /* SongRight */,
			);
		};
/* End PBXProject section */

/* Begin PBXResourcesBuildPhase section */
		5475677A1E6F974200E1BD64 /* Resources */ = {
			isa = PBXResourcesBuildPhase;
			buildActionMask = 2147483647;
			files = (
				5475678C1E6F974200E1BD64 /* LaunchScreen.storyboard in Resources */,
				547567891E6F974200E1BD64 /* Assets.xcassets in Resources */,
				547567871E6F974200E1BD64 /* Main.storyboard in Resources */,
			);
			runOnlyForDeploymentPostprocessing = 0;
		};
/* End PBXResourcesBuildPhase section */

/* Begin PBXSourcesBuildPhase section */
		547567781E6F974200E1BD64 /* Sources */ = {
			isa = PBXSourcesBuildPhase;
			buildActionMask = 2147483647;
			files = (
				547567941E6FAE9100E1BD64 /* RecordingsTableViewController.swift in Sources */,
				547567981E6FB93E00E1BD64 /* RecordingsController.swift in Sources */,
				547567801E6F974200E1BD64 /* AppDelegate.swift in Sources */,
				547567961E6FAEF700E1BD64 /* Recordings.swift in Sources */,
			);
			runOnlyForDeploymentPostprocessing = 0;
		};
/* End PBXSourcesBuildPhase section */

/* Begin PBXVariantGroup section */
		547567851E6F974200E1BD64 /* Main.storyboard */ = {
			isa = PBXVariantGroup;
			children = (
				547567861E6F974200E1BD64 /* Base */,
			);
			name = Main.storyboard;
			sourceTree = "<group>";
		};
		5475678A1E6F974200E1BD64 /* LaunchScreen.storyboard */ = {
			isa = PBXVariantGroup;
			children = (
				5475678B1E6F974200E1BD64 /* Base */,
			);
			name = LaunchScreen.storyboard;
			sourceTree = "<group>";
		};
/* End PBXVariantGroup section */

/* Begin XCBuildConfiguration section */
		5475678E1E6F974200E1BD64 /* Debug */ = {
			isa = XCBuildConfiguration;
			buildSettings = {
				ALWAYS_SEARCH_USER_PATHS = NO;
				CLANG_ANALYZER_NONNULL = YES;
				CLANG_CXX_LANGUAGE_STANDARD = "gnu++0x";
				CLANG_CXX_LIBRARY = "libc++";
				CLANG_ENABLE_MODULES = YES;
				CLANG_ENABLE_OBJC_ARC = YES;
				CLANG_WARN_BOOL_CONVERSION = YES;
				CLANG_WARN_CONSTANT_CONVERSION = YES;
				CLANG_WARN_DIRECT_OBJC_ISA_USAGE = YES_ERROR;
				CLANG_WARN_DOCUMENTATION_COMMENTS = YES;
				CLANG_WARN_EMPTY_BODY = YES;
				CLANG_WARN_ENUM_CONVERSION = YES;
				CLANG_WARN_INFINITE_RECURSION = YES;
				CLANG_WARN_INT_CONVERSION = YES;
				CLANG_WARN_OBJC_ROOT_CLASS = YES_ERROR;
				CLANG_WARN_SUSPICIOUS_MOVE = YES;
				CLANG_WARN_UNREACHABLE_CODE = YES;
				CLANG_WARN__DUPLICATE_METHOD_MATCH = YES;
				"CODE_SIGN_IDENTITY[sdk=iphoneos*]" = "iPhone Developer";
				COPY_PHASE_STRIP = NO;
				DEBUG_INFORMATION_FORMAT = dwarf;
				ENABLE_STRICT_OBJC_MSGSEND = YES;
				ENABLE_TESTABILITY = YES;
				GCC_C_LANGUAGE_STANDARD = gnu99;
				GCC_DYNAMIC_NO_PIC = NO;
				GCC_NO_COMMON_BLOCKS = YES;
				GCC_OPTIMIZATION_LEVEL = 0;
				GCC_PREPROCESSOR_DEFINITIONS = (
					"DEBUG=1",
					"$(inherited)",
				);
				GCC_WARN_64_TO_32_BIT_CONVERSION = YES;
				GCC_WARN_ABOUT_RETURN_TYPE = YES_ERROR;
				GCC_WARN_UNDECLARED_SELECTOR = YES;
				GCC_WARN_UNINITIALIZED_AUTOS = YES_AGGRESSIVE;
				GCC_WARN_UNUSED_FUNCTION = YES;
				GCC_WARN_UNUSED_VARIABLE = YES;
				IPHONEOS_DEPLOYMENT_TARGET = 10.2;
				MTL_ENABLE_DEBUG_INFO = YES;
				ONLY_ACTIVE_ARCH = YES;
				SDKROOT = iphoneos;
				SWIFT_ACTIVE_COMPILATION_CONDITIONS = DEBUG;
				SWIFT_OPTIMIZATION_LEVEL = "-Onone";
			};
			name = Debug;
		};
		5475678F1E6F974200E1BD64 /* Release */ = {
			isa = XCBuildConfiguration;
			buildSettings = {
				ALWAYS_SEARCH_USER_PATHS = NO;
				CLANG_ANALYZER_NONNULL = YES;
				CLANG_CXX_LANGUAGE_STANDARD = "gnu++0x";
				CLANG_CXX_LIBRARY = "libc++";
				CLANG_ENABLE_MODULES = YES;
				CLANG_ENABLE_OBJC_ARC = YES;
				CLANG_WARN_BOOL_CONVERSION = YES;
				CLANG_WARN_CONSTANT_CONVERSION = YES;
				CLANG_WARN_DIRECT_OBJC_ISA_USAGE = YES_ERROR;
				CLANG_WARN_DOCUMENTATION_COMMENTS = YES;
				CLANG_WARN_EMPTY_BODY = YES;
				CLANG_WARN_ENUM_CONVERSION = YES;
				CLANG_WARN_INFINITE_RECURSION = YES;
				CLANG_WARN_INT_CONVERSION = YES;
				CLANG_WARN_OBJC_ROOT_CLASS = YES_ERROR;
				CLANG_WARN_SUSPICIOUS_MOVE = YES;
				CLANG_WARN_UNREACHABLE_CODE = YES;
				CLANG_WARN__DUPLICATE_METHOD_MATCH = YES;
				"CODE_SIGN_IDENTITY[sdk=iphoneos*]" = "iPhone Developer";
				COPY_PHASE_STRIP = NO;
				DEBUG_INFORMATION_FORMAT = "dwarf-with-dsym";
				ENABLE_NS_ASSERTIONS = NO;
				ENABLE_STRICT_OBJC_MSGSEND = YES;
				GCC_C_LANGUAGE_STANDARD = gnu99;
				GCC_NO_COMMON_BLOCKS = YES;
				GCC_WARN_64_TO_32_BIT_CONVERSION = YES;
				GCC_WARN_ABOUT_RETURN_TYPE = YES_ERROR;
				GCC_WARN_UNDECLARED_SELECTOR = YES;
				GCC_WARN_UNINITIALIZED_AUTOS = YES_AGGRESSIVE;
				GCC_WARN_UNUSED_FUNCTION = YES;
				GCC_WARN_UNUSED_VARIABLE = YES;
				IPHONEOS_DEPLOYMENT_TARGET = 10.2;
				MTL_ENABLE_DEBUG_INFO = NO;
				SDKROOT = iphoneos;
				SWIFT_OPTIMIZATION_LEVEL = "-Owholemodule";
				VALIDATE_PRODUCT = YES;
			};
			name = Release;
		};
		547567911E6F974200E1BD64 /* Debug */ = {
			isa = XCBuildConfiguration;
			buildSettings = {
				ASSETCATALOG_COMPILER_APPICON_NAME = AppIcon;
				DEVELOPMENT_TEAM = Q7ZY7HDZF4;
				INFOPLIST_FILE = SongRight/Info.plist;
				LD_RUNPATH_SEARCH_PATHS = "$(inherited) @executable_path/Frameworks";
				PRODUCT_BUNDLE_IDENTIFIER = com.roydrechsel.SongRight;
				PRODUCT_NAME = "$(TARGET_NAME)";
				SWIFT_VERSION = 3.0;
			};
			name = Debug;
		};
		547567921E6F974200E1BD64 /* Release */ = {
			isa = XCBuildConfiguration;
			buildSettings = {
				ASSETCATALOG_COMPILER_APPICON_NAME = AppIcon;
				DEVELOPMENT_TEAM = Q7ZY7HDZF4;
				INFOPLIST_FILE = SongRight/Info.plist;
				LD_RUNPATH_SEARCH_PATHS = "$(inherited) @executable_path/Frameworks";
				PRODUCT_BUNDLE_IDENTIFIER = com.roydrechsel.SongRight;
				PRODUCT_NAME = "$(TARGET_NAME)";
				SWIFT_VERSION = 3.0;
			};
			name = Release;
		};
/* End XCBuildConfiguration section */

/* Begin XCConfigurationList section */
		547567771E6F974200E1BD64 /* Build configuration list for PBXProject "SongRight" */ = {
			isa = XCConfigurationList;
			buildConfigurations = (
				5475678E1E6F974200E1BD64 /* Debug */,
				5475678F1E6F974200E1BD64 /* Release */,
			);
			defaultConfigurationIsVisible = 0;
			defaultConfigurationName = Release;
		};
		547567901E6F974200E1BD64 /* Build configuration list for PBXNativeTarget "SongRight" */ = {
			isa = XCConfigurationList;
			buildConfigurations = (
				547567911E6F974200E1BD64 /* Debug */,
				547567921E6F974200E1BD64 /* Release */,
			);
			defaultConfigurationIsVisible = 0;
		};
/* End XCConfigurationList section */
	};
	rootObject = 547567741E6F974200E1BD64 /* Project object */;
}
